
Microsoft Visual Studio Solution File, Format Version 12.00
# Visual Studio Version 16
VisualStudioVersion = 16.0.29306.81
MinimumVisualStudioVersion = 10.0.40219.1
Project("{9A19103F-16F7-4668-BE54-9A1E7A4F7556}") = "HER", "HER\HER.csproj", "{FF356B82-ED71-41BA-9784-2CD235966074}"
EndProject
Project("{FAE04EC0-301F-11D3-BF4B-00C04F79EFBC}") = "HER.Test", "HER.Test\HER.Test.csproj", "{C09AFE53-E195-434A-835D-659922731200}"
EndProject
Global
	GlobalSection(SolutionConfigurationPlatforms) = preSolution
		Debug|Any CPU = Debug|Any CPU
		Release|Any CPU = Release|Any CPU
	EndGlobalSection
	GlobalSection(ProjectConfigurationPlatforms) = postSolution
		{FF356B82-ED71-41BA-9784-2CD235966074}.Debug|Any CPU.ActiveCfg = Debug|Any CPU
		{FF356B82-ED71-41BA-9784-2CD235966074}.Debug|Any CPU.Build.0 = Debug|Any CPU
		{FF356B82-ED71-41BA-9784-2CD235966074}.Release|Any CPU.ActiveCfg = Release|Any CPU
		{FF356B82-ED71-41BA-9784-2CD235966074}.Release|Any CPU.Build.0 = Release|Any CPU
		{C09AFE53-E195-434A-835D-659922731200}.Debug|Any CPU.ActiveCfg = Debug|Any CPU
		{C09AFE53-E195-434A-835D-659922731200}.Debug|Any CPU.Build.0 = Debug|Any CPU
		{C09AFE53-E195-434A-835D-659922731200}.Release|Any CPU.ActiveCfg = Release|Any CPU
		{C09AFE53-E195-434A-835D-659922731200}.Release|Any CPU.Build.0 = Release|Any CPU
	EndGlobalSection
	GlobalSection(SolutionProperties) = preSolution
		HideSolutionNode = FALSE
	EndGlobalSection
	GlobalSection(ExtensibilityGlobals) = postSolution
		SolutionGuid = {8C815C7A-96E1-4DA3-BED2-FDF31F1C6475}
	EndGlobalSection
EndGlobal
