
Microsoft Visual Studio Solution File, Format Version 12.00
# Visual Studio Version 16
VisualStudioVersion = 16.0.29306.81
MinimumVisualStudioVersion = 10.0.40219.1
Project("{FAE04EC0-301F-11D3-BF4B-00C04F79EFBC}") = "HistoricalExchangeRate", "HistoricalExchangeRate\HistoricalExchangeRate.csproj", "{C9B4911D-ACCE-464D-A439-0575EBC57336}"
EndProject
Global
	GlobalSection(SolutionConfigurationPlatforms) = preSolution
		Debug|Any CPU = Debug|Any CPU
		Release|Any CPU = Release|Any CPU
	EndGlobalSection
	GlobalSection(ProjectConfigurationPlatforms) = postSolution
		{C9B4911D-ACCE-464D-A439-0575EBC57336}.Debug|Any CPU.ActiveCfg = Debug|Any CPU
		{C9B4911D-ACCE-464D-A439-0575EBC57336}.Debug|Any CPU.Build.0 = Debug|Any CPU
		{C9B4911D-ACCE-464D-A439-0575EBC57336}.Release|Any CPU.ActiveCfg = Release|Any CPU
		{C9B4911D-ACCE-464D-A439-0575EBC57336}.Release|Any CPU.Build.0 = Release|Any CPU
	EndGlobalSection
	GlobalSection(SolutionProperties) = preSolution
		HideSolutionNode = FALSE
	EndGlobalSection
	GlobalSection(ExtensibilityGlobals) = postSolution
		SolutionGuid = {C1C0049D-19B4-4869-B5A0-71D84D5CD124}
	EndGlobalSection
EndGlobal
